
Microsoft Visual Studio Solution File, Format Version 12.00
# Visual Studio Version 16
VisualStudioVersion = 16.0.32510.428
MinimumVisualStudioVersion = 10.0.40219.1
Project("{FAE04EC0-301F-11D3-BF4B-00C04F79EFBC}") = "monogame_rpg", "monogame_rpg.csproj", "{97AFF38A-B5A2-49AA-A199-DE52AFB99537}"
EndProject
Global
	GlobalSection(SolutionConfigurationPlatforms) = preSolution
		Debug|Any CPU = Debug|Any CPU
		Release|Any CPU = Release|Any CPU
	EndGlobalSection
	GlobalSection(ProjectConfigurationPlatforms) = postSolution
		{97AFF38A-B5A2-49AA-A199-DE52AFB99537}.Debug|Any CPU.ActiveCfg = Debug|Any CPU
		{97AFF38A-B5A2-49AA-A199-DE52AFB99537}.Debug|Any CPU.Build.0 = Debug|Any CPU
		{97AFF38A-B5A2-49AA-A199-DE52AFB99537}.Release|Any CPU.ActiveCfg = Release|Any CPU
		{97AFF38A-B5A2-49AA-A199-DE52AFB99537}.Release|Any CPU.Build.0 = Release|Any CPU
	EndGlobalSection
	GlobalSection(SolutionProperties) = preSolution
		HideSolutionNode = FALSE
	EndGlobalSection
	GlobalSection(ExtensibilityGlobals) = postSolution
		SolutionGuid = {2C19995A-AD2F-4617-808B-1599B163E98D}
	EndGlobalSection
EndGlobal
